
Microsoft Visual Studio Solution File, Format Version 12.00
# Visual Studio 15
Project("{FAE04EC0-301F-11D3-BF4B-00C04F79EFBC}") = "Tabs.Android", "Tabs.Android\Tabs.Android.csproj", "{5EA03B18-5F03-4C3E-AA63-FB466DC8AD46}"
EndProject
Project("{FAE04EC0-301F-11D3-BF4B-00C04F79EFBC}") = "Tabs.iOS", "Tabs.iOS\Tabs.iOS.csproj", "{F97059F6-ABB5-4925-B61C-50167FACA461}"
EndProject
Project("{D954291E-2A0B-460D-934E-DC6B0785DB48}") = "Tabs", "Tabs\Tabs.shproj", "{7CDFD040-C131-4781-A906-E72C0A6516BE}"
EndProject
Project("{D954291E-2A0B-460D-934E-DC6B0785DB48}") = "Xamarin.Forms.Core", "..\..\Xamarin.Forms.Core\Xamarin.Forms.Core.shproj", "{9FBF1BE8-6CC0-4DC2-BC5B-AB11181D64E3}"
EndProject
Global
	GlobalSection(SolutionConfigurationPlatforms) = preSolution
		Debug|Any CPU = Debug|Any CPU
		Release|Any CPU = Release|Any CPU
		Debug|iPhoneSimulator = Debug|iPhoneSimulator
		Release|iPhoneSimulator = Release|iPhoneSimulator
		Debug|iPhone = Debug|iPhone
		Release|iPhone = Release|iPhone
		Ad-Hoc|iPhone = Ad-Hoc|iPhone
		AppStore|iPhone = AppStore|iPhone
		Ad-Hoc|Any CPU = Ad-Hoc|Any CPU
	EndGlobalSection
	GlobalSection(ProjectConfigurationPlatforms) = postSolution
		{5EA03B18-5F03-4C3E-AA63-FB466DC8AD46}.Debug|Any CPU.ActiveCfg = Debug|Any CPU
		{5EA03B18-5F03-4C3E-AA63-FB466DC8AD46}.Debug|Any CPU.Build.0 = Debug|Any CPU
		{5EA03B18-5F03-4C3E-AA63-FB466DC8AD46}.Release|Any CPU.ActiveCfg = Release|Any CPU
		{5EA03B18-5F03-4C3E-AA63-FB466DC8AD46}.Release|Any CPU.Build.0 = Release|Any CPU
		{5EA03B18-5F03-4C3E-AA63-FB466DC8AD46}.Debug|iPhoneSimulator.ActiveCfg = Debug|Any CPU
		{5EA03B18-5F03-4C3E-AA63-FB466DC8AD46}.Debug|iPhoneSimulator.Build.0 = Debug|Any CPU
		{5EA03B18-5F03-4C3E-AA63-FB466DC8AD46}.Release|iPhoneSimulator.ActiveCfg = Release|Any CPU
		{5EA03B18-5F03-4C3E-AA63-FB466DC8AD46}.Release|iPhoneSimulator.Build.0 = Release|Any CPU
		{5EA03B18-5F03-4C3E-AA63-FB466DC8AD46}.Debug|iPhone.ActiveCfg = Debug|Any CPU
		{5EA03B18-5F03-4C3E-AA63-FB466DC8AD46}.Debug|iPhone.Build.0 = Debug|Any CPU
		{5EA03B18-5F03-4C3E-AA63-FB466DC8AD46}.Release|iPhone.ActiveCfg = Release|Any CPU
		{5EA03B18-5F03-4C3E-AA63-FB466DC8AD46}.Release|iPhone.Build.0 = Release|Any CPU
		{5EA03B18-5F03-4C3E-AA63-FB466DC8AD46}.Ad-Hoc|iPhone.ActiveCfg = Debug|Any CPU
		{5EA03B18-5F03-4C3E-AA63-FB466DC8AD46}.Ad-Hoc|iPhone.Build.0 = Debug|Any CPU
		{5EA03B18-5F03-4C3E-AA63-FB466DC8AD46}.AppStore|iPhone.ActiveCfg = Debug|Any CPU
		{5EA03B18-5F03-4C3E-AA63-FB466DC8AD46}.AppStore|iPhone.Build.0 = Debug|Any CPU
		{5EA03B18-5F03-4C3E-AA63-FB466DC8AD46}.Ad-Hoc|Any CPU.ActiveCfg = Ad-Hoc|Any CPU
		{5EA03B18-5F03-4C3E-AA63-FB466DC8AD46}.Ad-Hoc|Any CPU.Build.0 = Ad-Hoc|Any CPU
		{F97059F6-ABB5-4925-B61C-50167FACA461}.Debug|Any CPU.ActiveCfg = Debug|iPhoneSimulator
		{F97059F6-ABB5-4925-B61C-50167FACA461}.Debug|Any CPU.Build.0 = Debug|iPhoneSimulator
		{F97059F6-ABB5-4925-B61C-50167FACA461}.Release|Any CPU.ActiveCfg = Release|iPhoneSimulator
		{F97059F6-ABB5-4925-B61C-50167FACA461}.Release|Any CPU.Build.0 = Release|iPhoneSimulator
		{F97059F6-ABB5-4925-B61C-50167FACA461}.Debug|iPhoneSimulator.ActiveCfg = Debug|iPhoneSimulator
		{F97059F6-ABB5-4925-B61C-50167FACA461}.Debug|iPhoneSimulator.Build.0 = Debug|iPhoneSimulator
		{F97059F6-ABB5-4925-B61C-50167FACA461}.Release|iPhoneSimulator.ActiveCfg = Release|iPhoneSimulator
		{F97059F6-ABB5-4925-B61C-50167FACA461}.Release|iPhoneSimulator.Build.0 = Release|iPhoneSimulator
		{F97059F6-ABB5-4925-B61C-50167FACA461}.Debug|iPhone.ActiveCfg = Debug|iPhone
		{F97059F6-ABB5-4925-B61C-50167FACA461}.Debug|iPhone.Build.0 = Debug|iPhone
		{F97059F6-ABB5-4925-B61C-50167FACA461}.Release|iPhone.ActiveCfg = Release|iPhone
		{F97059F6-ABB5-4925-B61C-50167FACA461}.Release|iPhone.Build.0 = Release|iPhone
		{F97059F6-ABB5-4925-B61C-50167FACA461}.Ad-Hoc|iPhone.ActiveCfg = Ad-Hoc|iPhone
		{F97059F6-ABB5-4925-B61C-50167FACA461}.Ad-Hoc|iPhone.Build.0 = Ad-Hoc|iPhone
		{F97059F6-ABB5-4925-B61C-50167FACA461}.AppStore|iPhone.ActiveCfg = AppStore|iPhone
		{F97059F6-ABB5-4925-B61C-50167FACA461}.AppStore|iPhone.Build.0 = AppStore|iPhone
		{F97059F6-ABB5-4925-B61C-50167FACA461}.Ad-Hoc|Any CPU.ActiveCfg = Ad-Hoc|Any CPU
		{F97059F6-ABB5-4925-B61C-50167FACA461}.Ad-Hoc|Any CPU.Build.0 = Ad-Hoc|Any CPU
	EndGlobalSection
EndGlobal
