
Microsoft Visual Studio Solution File, Format Version 12.00
# Visual Studio 15
Project("{FAE04EC0-301F-11D3-BF4B-00C04F79EFBC}") = "BotExample.Android", "BotExample.Android\BotExample.Android.csproj", "{33BCC127-0899-43EA-BF5F-9CFCF70E46AE}"
EndProject
Project("{FAE04EC0-301F-11D3-BF4B-00C04F79EFBC}") = "BotExample.iOS", "BotExample.iOS\BotExample.iOS.csproj", "{85241CD6-DCD6-4C44-9570-E5EDDC255B8C}"
EndProject
Project("{D954291E-2A0B-460D-934E-DC6B0785DB48}") = "BotExample", "BotExample\BotExample.shproj", "{7CDFD040-C131-4781-A906-E72C0A6516BE}"
EndProject
Project("{D954291E-2A0B-460D-934E-DC6B0785DB48}") = "Xamarin.Forms.Core", "..\..\..\CommonCore Projects\Xamarin.Forms.Core\Xamarin.Forms.Core.shproj", "{9FBF1BE8-6CC0-4DC2-BC5B-AB11181D64E3}"
EndProject
Global
	GlobalSection(SolutionConfigurationPlatforms) = preSolution
		Debug|Any CPU = Debug|Any CPU
		Release|Any CPU = Release|Any CPU
		Debug|iPhoneSimulator = Debug|iPhoneSimulator
		Release|iPhoneSimulator = Release|iPhoneSimulator
		Debug|iPhone = Debug|iPhone
		Release|iPhone = Release|iPhone
		Ad-Hoc|iPhone = Ad-Hoc|iPhone
		AppStore|iPhone = AppStore|iPhone
		Ad-Hoc|Any CPU = Ad-Hoc|Any CPU
	EndGlobalSection
	GlobalSection(ProjectConfigurationPlatforms) = postSolution
		{33BCC127-0899-43EA-BF5F-9CFCF70E46AE}.Debug|Any CPU.ActiveCfg = Debug|Any CPU
		{33BCC127-0899-43EA-BF5F-9CFCF70E46AE}.Debug|Any CPU.Build.0 = Debug|Any CPU
		{33BCC127-0899-43EA-BF5F-9CFCF70E46AE}.Release|Any CPU.ActiveCfg = Release|Any CPU
		{33BCC127-0899-43EA-BF5F-9CFCF70E46AE}.Release|Any CPU.Build.0 = Release|Any CPU
		{33BCC127-0899-43EA-BF5F-9CFCF70E46AE}.Debug|iPhoneSimulator.ActiveCfg = Debug|Any CPU
		{33BCC127-0899-43EA-BF5F-9CFCF70E46AE}.Debug|iPhoneSimulator.Build.0 = Debug|Any CPU
		{33BCC127-0899-43EA-BF5F-9CFCF70E46AE}.Release|iPhoneSimulator.ActiveCfg = Release|Any CPU
		{33BCC127-0899-43EA-BF5F-9CFCF70E46AE}.Release|iPhoneSimulator.Build.0 = Release|Any CPU
		{33BCC127-0899-43EA-BF5F-9CFCF70E46AE}.Debug|iPhone.ActiveCfg = Debug|Any CPU
		{33BCC127-0899-43EA-BF5F-9CFCF70E46AE}.Debug|iPhone.Build.0 = Debug|Any CPU
		{33BCC127-0899-43EA-BF5F-9CFCF70E46AE}.Release|iPhone.ActiveCfg = Release|Any CPU
		{33BCC127-0899-43EA-BF5F-9CFCF70E46AE}.Release|iPhone.Build.0 = Release|Any CPU
		{33BCC127-0899-43EA-BF5F-9CFCF70E46AE}.Ad-Hoc|iPhone.ActiveCfg = Debug|Any CPU
		{33BCC127-0899-43EA-BF5F-9CFCF70E46AE}.Ad-Hoc|iPhone.Build.0 = Debug|Any CPU
		{33BCC127-0899-43EA-BF5F-9CFCF70E46AE}.AppStore|iPhone.ActiveCfg = Debug|Any CPU
		{33BCC127-0899-43EA-BF5F-9CFCF70E46AE}.AppStore|iPhone.Build.0 = Debug|Any CPU
		{33BCC127-0899-43EA-BF5F-9CFCF70E46AE}.Ad-Hoc|Any CPU.ActiveCfg = Ad-Hoc|Any CPU
		{33BCC127-0899-43EA-BF5F-9CFCF70E46AE}.Ad-Hoc|Any CPU.Build.0 = Ad-Hoc|Any CPU
		{85241CD6-DCD6-4C44-9570-E5EDDC255B8C}.Debug|Any CPU.ActiveCfg = Debug|iPhoneSimulator
		{85241CD6-DCD6-4C44-9570-E5EDDC255B8C}.Debug|Any CPU.Build.0 = Debug|iPhoneSimulator
		{85241CD6-DCD6-4C44-9570-E5EDDC255B8C}.Release|Any CPU.ActiveCfg = Release|iPhoneSimulator
		{85241CD6-DCD6-4C44-9570-E5EDDC255B8C}.Release|Any CPU.Build.0 = Release|iPhoneSimulator
		{85241CD6-DCD6-4C44-9570-E5EDDC255B8C}.Debug|iPhoneSimulator.ActiveCfg = Debug|iPhoneSimulator
		{85241CD6-DCD6-4C44-9570-E5EDDC255B8C}.Debug|iPhoneSimulator.Build.0 = Debug|iPhoneSimulator
		{85241CD6-DCD6-4C44-9570-E5EDDC255B8C}.Release|iPhoneSimulator.ActiveCfg = Release|iPhoneSimulator
		{85241CD6-DCD6-4C44-9570-E5EDDC255B8C}.Release|iPhoneSimulator.Build.0 = Release|iPhoneSimulator
		{85241CD6-DCD6-4C44-9570-E5EDDC255B8C}.Debug|iPhone.ActiveCfg = Debug|iPhone
		{85241CD6-DCD6-4C44-9570-E5EDDC255B8C}.Debug|iPhone.Build.0 = Debug|iPhone
		{85241CD6-DCD6-4C44-9570-E5EDDC255B8C}.Release|iPhone.ActiveCfg = Release|iPhone
		{85241CD6-DCD6-4C44-9570-E5EDDC255B8C}.Release|iPhone.Build.0 = Release|iPhone
		{85241CD6-DCD6-4C44-9570-E5EDDC255B8C}.Ad-Hoc|iPhone.ActiveCfg = Ad-Hoc|iPhone
		{85241CD6-DCD6-4C44-9570-E5EDDC255B8C}.Ad-Hoc|iPhone.Build.0 = Ad-Hoc|iPhone
		{85241CD6-DCD6-4C44-9570-E5EDDC255B8C}.AppStore|iPhone.ActiveCfg = AppStore|iPhone
		{85241CD6-DCD6-4C44-9570-E5EDDC255B8C}.AppStore|iPhone.Build.0 = AppStore|iPhone
		{85241CD6-DCD6-4C44-9570-E5EDDC255B8C}.Ad-Hoc|Any CPU.ActiveCfg = Ad-Hoc|Any CPU
		{85241CD6-DCD6-4C44-9570-E5EDDC255B8C}.Ad-Hoc|Any CPU.Build.0 = Ad-Hoc|Any CPU
	EndGlobalSection
	GlobalSection(MonoDevelopProperties) = preSolution
		Policies = $0
		$0.DotNetNamingPolicy = $1
		$1.DirectoryNamespaceAssociation = PrefixedHierarchical
	EndGlobalSection
EndGlobal
