
Microsoft Visual Studio Solution File, Format Version 12.00
# Visual Studio 15
Project("{FAE04EC0-301F-11D3-BF4B-00C04F79EFBC}") = "Core.Reference.Android", "Core.Reference.Android\Core.Reference.Android.csproj", "{183E7402-D309-4AF9-A334-F9B95209A652}"
EndProject
Project("{FAE04EC0-301F-11D3-BF4B-00C04F79EFBC}") = "Core.Reference.iOS", "Core.Reference.iOS\Core.Reference.iOS.csproj", "{BA638103-5EE5-4B7A-AB2F-06E05058DD6D}"
EndProject
Project("{D954291E-2A0B-460D-934E-DC6B0785DB48}") = "Core.Reference", "Core.Reference\Core.Reference.shproj", "{4382292C-ACFD-4CE6-BA40-B2E3B49FE4E7}"
EndProject
Project("{D954291E-2A0B-460D-934E-DC6B0785DB48}") = "Xamarin.Forms.Core", "..\..\CommonCore Projects\Xamarin.Forms.Core\Xamarin.Forms.Core.shproj", "{9FBF1BE8-6CC0-4DC2-BC5B-AB11181D64E3}"
EndProject
Global
	GlobalSection(SolutionConfigurationPlatforms) = preSolution
		Debug|Any CPU = Debug|Any CPU
		Release|Any CPU = Release|Any CPU
		Debug|iPhoneSimulator = Debug|iPhoneSimulator
		Release|iPhoneSimulator = Release|iPhoneSimulator
		Debug|iPhone = Debug|iPhone
		Release|iPhone = Release|iPhone
		AdHoc|Any CPU = AdHoc|Any CPU
		AdHoc|iPhoneSimulator = AdHoc|iPhoneSimulator
		AdHoc|iPhone = AdHoc|iPhone
	EndGlobalSection
	GlobalSection(ProjectConfigurationPlatforms) = postSolution
		{183E7402-D309-4AF9-A334-F9B95209A652}.Debug|Any CPU.ActiveCfg = Debug|Any CPU
		{183E7402-D309-4AF9-A334-F9B95209A652}.Debug|Any CPU.Build.0 = Debug|Any CPU
		{183E7402-D309-4AF9-A334-F9B95209A652}.Release|Any CPU.ActiveCfg = Release|Any CPU
		{183E7402-D309-4AF9-A334-F9B95209A652}.Release|Any CPU.Build.0 = Release|Any CPU
		{183E7402-D309-4AF9-A334-F9B95209A652}.Debug|iPhoneSimulator.ActiveCfg = Debug|Any CPU
		{183E7402-D309-4AF9-A334-F9B95209A652}.Debug|iPhoneSimulator.Build.0 = Debug|Any CPU
		{183E7402-D309-4AF9-A334-F9B95209A652}.Release|iPhoneSimulator.ActiveCfg = Release|Any CPU
		{183E7402-D309-4AF9-A334-F9B95209A652}.Release|iPhoneSimulator.Build.0 = Release|Any CPU
		{183E7402-D309-4AF9-A334-F9B95209A652}.Debug|iPhone.ActiveCfg = Debug|Any CPU
		{183E7402-D309-4AF9-A334-F9B95209A652}.Debug|iPhone.Build.0 = Debug|Any CPU
		{183E7402-D309-4AF9-A334-F9B95209A652}.Release|iPhone.ActiveCfg = Release|Any CPU
		{183E7402-D309-4AF9-A334-F9B95209A652}.Release|iPhone.Build.0 = Release|Any CPU
		{183E7402-D309-4AF9-A334-F9B95209A652}.AdHoc|Any CPU.ActiveCfg = AdHoc|Any CPU
		{183E7402-D309-4AF9-A334-F9B95209A652}.AdHoc|Any CPU.Build.0 = AdHoc|Any CPU
		{183E7402-D309-4AF9-A334-F9B95209A652}.AdHoc|iPhoneSimulator.ActiveCfg = AdHoc|Any CPU
		{183E7402-D309-4AF9-A334-F9B95209A652}.AdHoc|iPhoneSimulator.Build.0 = AdHoc|Any CPU
		{183E7402-D309-4AF9-A334-F9B95209A652}.AdHoc|iPhone.ActiveCfg = AdHoc|Any CPU
		{183E7402-D309-4AF9-A334-F9B95209A652}.AdHoc|iPhone.Build.0 = AdHoc|Any CPU
		{BA638103-5EE5-4B7A-AB2F-06E05058DD6D}.Debug|Any CPU.ActiveCfg = Debug|iPhoneSimulator
		{BA638103-5EE5-4B7A-AB2F-06E05058DD6D}.Debug|Any CPU.Build.0 = Debug|iPhoneSimulator
		{BA638103-5EE5-4B7A-AB2F-06E05058DD6D}.Release|Any CPU.ActiveCfg = Release|iPhoneSimulator
		{BA638103-5EE5-4B7A-AB2F-06E05058DD6D}.Release|Any CPU.Build.0 = Release|iPhoneSimulator
		{BA638103-5EE5-4B7A-AB2F-06E05058DD6D}.Debug|iPhoneSimulator.ActiveCfg = Debug|iPhoneSimulator
		{BA638103-5EE5-4B7A-AB2F-06E05058DD6D}.Debug|iPhoneSimulator.Build.0 = Debug|iPhoneSimulator
		{BA638103-5EE5-4B7A-AB2F-06E05058DD6D}.Release|iPhoneSimulator.ActiveCfg = Release|iPhoneSimulator
		{BA638103-5EE5-4B7A-AB2F-06E05058DD6D}.Release|iPhoneSimulator.Build.0 = Release|iPhoneSimulator
		{BA638103-5EE5-4B7A-AB2F-06E05058DD6D}.Debug|iPhone.ActiveCfg = Debug|iPhone
		{BA638103-5EE5-4B7A-AB2F-06E05058DD6D}.Debug|iPhone.Build.0 = Debug|iPhone
		{BA638103-5EE5-4B7A-AB2F-06E05058DD6D}.Release|iPhone.ActiveCfg = Release|iPhone
		{BA638103-5EE5-4B7A-AB2F-06E05058DD6D}.Release|iPhone.Build.0 = Release|iPhone
		{BA638103-5EE5-4B7A-AB2F-06E05058DD6D}.AdHoc|Any CPU.ActiveCfg = AdHoc|iPhoneSimulator
		{BA638103-5EE5-4B7A-AB2F-06E05058DD6D}.AdHoc|Any CPU.Build.0 = AdHoc|iPhoneSimulator
		{BA638103-5EE5-4B7A-AB2F-06E05058DD6D}.AdHoc|iPhoneSimulator.ActiveCfg = AdHoc|iPhoneSimulator
		{BA638103-5EE5-4B7A-AB2F-06E05058DD6D}.AdHoc|iPhoneSimulator.Build.0 = AdHoc|iPhoneSimulator
		{BA638103-5EE5-4B7A-AB2F-06E05058DD6D}.AdHoc|iPhone.ActiveCfg = AdHoc|iPhone
		{BA638103-5EE5-4B7A-AB2F-06E05058DD6D}.AdHoc|iPhone.Build.0 = AdHoc|iPhone
	EndGlobalSection
EndGlobal
